
Microsoft Visual Studio Solution File, Format Version 12.00
# Visual Studio Version 16
VisualStudioVersion = 25.0.1706.14
MinimumVisualStudioVersion = 10.0.40219.1
Project("{FAE04EC0-301F-11D3-BF4B-00C04F79EFBC}") = "SampleDatePicker", "SampleDatePicker\SampleDatePicker.csproj", "{CD6ED9EF-7A55-4D86-B606-F4117ACE6C3E}"
EndProject
Global
	GlobalSection(SolutionConfigurationPlatforms) = preSolution
		Debug|Any CPU = Debug|Any CPU
		Release|Any CPU = Release|Any CPU
	EndGlobalSection
	GlobalSection(ProjectConfigurationPlatforms) = postSolution
		{CD6ED9EF-7A55-4D86-B606-F4117ACE6C3E}.Debug|Any CPU.ActiveCfg = Debug|Any CPU
		{CD6ED9EF-7A55-4D86-B606-F4117ACE6C3E}.Debug|Any CPU.Build.0 = Debug|Any CPU
		{CD6ED9EF-7A55-4D86-B606-F4117ACE6C3E}.Release|Any CPU.ActiveCfg = Release|Any CPU
		{CD6ED9EF-7A55-4D86-B606-F4117ACE6C3E}.Release|Any CPU.Build.0 = Release|Any CPU
	EndGlobalSection
	GlobalSection(SolutionProperties) = preSolution
		HideSolutionNode = FALSE
	EndGlobalSection
	GlobalSection(ExtensibilityGlobals) = postSolution
		SolutionGuid = {2CA9F978-3C32-4148-AFDD-DB6E688E79D2}
	EndGlobalSection
EndGlobal
